{
  "name": "@st-graphics/svelte-scrolly",
  "version": "0.0.0",
  "lockfileVersion": 1,
  "requires": true,
  "dependencies": {
    "svelte": {
      "version": "3.12.1",
      "resolved": "https://registry.npmjs.org/svelte/-/svelte-3.12.1.tgz",
      "integrity": "sha512-t29WJNjHIqfrdMcVXqIyRfgLEaNz7MihKXTpb8qHlbzvf0WyOOIhIlwIGvl6ahJ9+9CLJwz0sjhFNAmPgo8BHg=="
    }
  }
}
